// !$*UTF8*$!
{
	archiveVersion = 1;
	classes = {
	};
	objectVersion = 50;
	objects = {

/* Begin PBXBuildFile section */
		696EFD492220CD07008DC159 /* BasicDetailCell.swift in Sources */ = {isa = PBXBuildFile; fileRef = 696EFD482220CD07008DC159 /* BasicDetailCell.swift */; };
		696EFD4B22217220008DC159 /* ProximityMap.swift in Sources */ = {isa = PBXBuildFile; fileRef = 696EFD4A22217220008DC159 /* ProximityMap.swift */; };
		696EFD4D22217F55008DC159 /* LocationManager.swift in Sources */ = {isa = PBXBuildFile; fileRef = 696EFD4C22217F55008DC159 /* LocationManager.swift */; };
		696EFD4F22218B2C008DC159 /* PermissionsController.swift in Sources */ = {isa = PBXBuildFile; fileRef = 696EFD4E22218B2C008DC159 /* PermissionsController.swift */; };
		696EFD512224195A008DC159 /* UserNotificationScheduler.swift in Sources */ = {isa = PBXBuildFile; fileRef = 696EFD502224195A008DC159 /* UserNotificationScheduler.swift */; };
		69868AE422248AF100540C32 /* ReminderCell.swift in Sources */ = {isa = PBXBuildFile; fileRef = 69868AE322248AF100540C32 /* ReminderCell.swift */; };
		69A81CB32220510D00E4F684 /* AppDelegate.swift in Sources */ = {isa = PBXBuildFile; fileRef = 69A81CB22220510D00E4F684 /* AppDelegate.swift */; };
		69A81CB82220510D00E4F684 /* Main.storyboard in Resources */ = {isa = PBXBuildFile; fileRef = 69A81CB62220510D00E4F684 /* Main.storyboard */; };
		69A81CBA2220511300E4F684 /* Assets.xcassets in Resources */ = {isa = PBXBuildFile; fileRef = 69A81CB92220511300E4F684 /* Assets.xcassets */; };
		69A81CBD2220511300E4F684 /* LaunchScreen.storyboard in Resources */ = {isa = PBXBuildFile; fileRef = 69A81CBB2220511300E4F684 /* LaunchScreen.storyboard */; };
		69A81CC92220707100E4F684 /* ReminderListController.swift in Sources */ = {isa = PBXBuildFile; fileRef = 69A81CC82220707100E4F684 /* ReminderListController.swift */; };
		69A81CCB2220707F00E4F684 /* ReminderDetailController.swift in Sources */ = {isa = PBXBuildFile; fileRef = 69A81CCA2220707E00E4F684 /* ReminderDetailController.swift */; };
		69A81CCE2220764500E4F684 /* Reminder.xcdatamodeld in Sources */ = {isa = PBXBuildFile; fileRef = 69A81CCC2220764500E4F684 /* Reminder.xcdatamodeld */; };
		69A81CD22220780B00E4F684 /* Reminder.swift in Sources */ = {isa = PBXBuildFile; fileRef = 69A81CD02220780B00E4F684 /* Reminder.swift */; };
		69A81CD62220786100E4F684 /* Location.swift in Sources */ = {isa = PBXBuildFile; fileRef = 69A81CD42220786100E4F684 /* Location.swift */; };
		69A81CD82220797100E4F684 /* CoreDataManager.swift in Sources */ = {isa = PBXBuildFile; fileRef = 69A81CD72220797100E4F684 /* CoreDataManager.swift */; };
		69A81CDA222080EA00E4F684 /* AlertHelper.swift in Sources */ = {isa = PBXBuildFile; fileRef = 69A81CD9222080EA00E4F684 /* AlertHelper.swift */; };
		69A81CDC2220819600E4F684 /* ProximityReminderError.swift in Sources */ = {isa = PBXBuildFile; fileRef = 69A81CDB2220819600E4F684 /* ProximityReminderError.swift */; };
		69A81CE02220A64F00E4F684 /* LocationSearchController.swift in Sources */ = {isa = PBXBuildFile; fileRef = 69A81CDF2220A64F00E4F684 /* LocationSearchController.swift */; };
		69A81CE22220A6B000E4F684 /* LocationSuggestionsController.swift in Sources */ = {isa = PBXBuildFile; fileRef = 69A81CE12220A6B000E4F684 /* LocationSuggestionsController.swift */; };
/* End PBXBuildFile section */

/* Begin PBXFileReference section */
		696EFD482220CD07008DC159 /* BasicDetailCell.swift */ = {isa = PBXFileReference; lastKnownFileType = sourcecode.swift; path = BasicDetailCell.swift; sourceTree = "<group>"; };
		696EFD4A22217220008DC159 /* ProximityMap.swift */ = {isa = PBXFileReference; lastKnownFileType = sourcecode.swift; path = ProximityMap.swift; sourceTree = "<group>"; };
		696EFD4C22217F55008DC159 /* LocationManager.swift */ = {isa = PBXFileReference; lastKnownFileType = sourcecode.swift; path = LocationManager.swift; sourceTree = "<group>"; };
		696EFD4E22218B2C008DC159 /* PermissionsController.swift */ = {isa = PBXFileReference; lastKnownFileType = sourcecode.swift; path = PermissionsController.swift; sourceTree = "<group>"; };
		696EFD502224195A008DC159 /* UserNotificationScheduler.swift */ = {isa = PBXFileReference; lastKnownFileType = sourcecode.swift; path = UserNotificationScheduler.swift; sourceTree = "<group>"; };
		69868AE322248AF100540C32 /* ReminderCell.swift */ = {isa = PBXFileReference; lastKnownFileType = sourcecode.swift; path = ReminderCell.swift; sourceTree = "<group>"; };
		69868AE72224A36700540C32 /* ProximityTestLocations.gpx */ = {isa = PBXFileReference; lastKnownFileType = text.xml; path = ProximityTestLocations.gpx; sourceTree = "<group>"; };
		69A81CAF2220510D00E4F684 /* Proximity Reminders.app */ = {isa = PBXFileReference; explicitFileType = wrapper.application; includeInIndex = 0; path = "Proximity Reminders.app"; sourceTree = BUILT_PRODUCTS_DIR; };
		69A81CB22220510D00E4F684 /* AppDelegate.swift */ = {isa = PBXFileReference; lastKnownFileType = sourcecode.swift; path = AppDelegate.swift; sourceTree = "<group>"; };
		69A81CB72220510D00E4F684 /* Base */ = {isa = PBXFileReference; lastKnownFileType = file.storyboard; name = Base; path = Base.lproj/Main.storyboard; sourceTree = "<group>"; };
		69A81CB92220511300E4F684 /* Assets.xcassets */ = {isa = PBXFileReference; lastKnownFileType = folder.assetcatalog; path = Assets.xcassets; sourceTree = "<group>"; };
		69A81CBC2220511300E4F684 /* Base */ = {isa = PBXFileReference; lastKnownFileType = file.storyboard; name = Base; path = Base.lproj/LaunchScreen.storyboard; sourceTree = "<group>"; };
		69A81CBE2220511300E4F684 /* Info.plist */ = {isa = PBXFileReference; lastKnownFileType = text.plist.xml; path = Info.plist; sourceTree = "<group>"; };
		69A81CC82220707100E4F684 /* ReminderListController.swift */ = {isa = PBXFileReference; lastKnownFileType = sourcecode.swift; path = ReminderListController.swift; sourceTree = "<group>"; };
		69A81CCA2220707E00E4F684 /* ReminderDetailController.swift */ = {isa = PBXFileReference; lastKnownFileType = sourcecode.swift; path = ReminderDetailController.swift; sourceTree = "<group>"; };
		69A81CCD2220764500E4F684 /* Reminder.xcdatamodel */ = {isa = PBXFileReference; lastKnownFileType = wrapper.xcdatamodel; path = Reminder.xcdatamodel; sourceTree = "<group>"; };
		69A81CD02220780B00E4F684 /* Reminder.swift */ = {isa = PBXFileReference; lastKnownFileType = sourcecode.swift; path = Reminder.swift; sourceTree = "<group>"; };
		69A81CD42220786100E4F684 /* Location.swift */ = {isa = PBXFileReference; lastKnownFileType = sourcecode.swift; path = Location.swift; sourceTree = "<group>"; };
		69A81CD72220797100E4F684 /* CoreDataManager.swift */ = {isa = PBXFileReference; lastKnownFileType = sourcecode.swift; path = CoreDataManager.swift; sourceTree = "<group>"; };
		69A81CD9222080EA00E4F684 /* AlertHelper.swift */ = {isa = PBXFileReference; lastKnownFileType = sourcecode.swift; path = AlertHelper.swift; sourceTree = "<group>"; };
		69A81CDB2220819600E4F684 /* ProximityReminderError.swift */ = {isa = PBXFileReference; lastKnownFileType = sourcecode.swift; path = ProximityReminderError.swift; sourceTree = "<group>"; };
		69A81CDF2220A64F00E4F684 /* LocationSearchController.swift */ = {isa = PBXFileReference; lastKnownFileType = sourcecode.swift; path = LocationSearchController.swift; sourceTree = "<group>"; };
		69A81CE12220A6B000E4F684 /* LocationSuggestionsController.swift */ = {isa = PBXFileReference; lastKnownFileType = sourcecode.swift; path = LocationSuggestionsController.swift; sourceTree = "<group>"; };
/* End PBXFileReference section */

/* Begin PBXFrameworksBuildPhase section */
		69A81CAC2220510D00E4F684 /* Frameworks */ = {
			isa = PBXFrameworksBuildPhase;
			buildActionMask = 2147483647;
			files = (
			);
			runOnlyForDeploymentPostprocessing = 0;
		};
/* End PBXFrameworksBuildPhase section */

/* Begin PBXGroup section */
		696EFD472220CCB3008DC159 /* Location Selection */ = {
			isa = PBXGroup;
			children = (
				69A81CDF2220A64F00E4F684 /* LocationSearchController.swift */,
				69A81CE12220A6B000E4F684 /* LocationSuggestionsController.swift */,
			);
			path = "Location Selection";
			sourceTree = "<group>";
		};
		69868AE52224A34600540C32 /* Managers */ = {
			isa = PBXGroup;
			children = (
				69A81CD72220797100E4F684 /* CoreDataManager.swift */,
				696EFD4C22217F55008DC159 /* LocationManager.swift */,
				696EFD502224195A008DC159 /* UserNotificationScheduler.swift */,
			);
			path = Managers;
			sourceTree = "<group>";
		};
		69868AE62224A35400540C32 /* Helpers */ = {
			isa = PBXGroup;
			children = (
				69868AE72224A36700540C32 /* ProximityTestLocations.gpx */,
				69A81CD9222080EA00E4F684 /* AlertHelper.swift */,
				69A81CDB2220819600E4F684 /* ProximityReminderError.swift */,
				696EFD4A22217220008DC159 /* ProximityMap.swift */,
			);
			path = Helpers;
			sourceTree = "<group>";
		};
		69A81CA62220510D00E4F684 = {
			isa = PBXGroup;
			children = (
				69A81CB12220510D00E4F684 /* Proximity Reminders */,
				69A81CB02220510D00E4F684 /* Products */,
			);
			sourceTree = "<group>";
		};
		69A81CB02220510D00E4F684 /* Products */ = {
			isa = PBXGroup;
			children = (
				69A81CAF2220510D00E4F684 /* Proximity Reminders.app */,
			);
			name = Products;
			sourceTree = "<group>";
		};
		69A81CB12220510D00E4F684 /* Proximity Reminders */ = {
			isa = PBXGroup;
			children = (
				69A81CB22220510D00E4F684 /* AppDelegate.swift */,
				69A81CC42220701E00E4F684 /* Model */,
				69A81CC52220702400E4F684 /* View */,
				69A81CC62220702800E4F684 /* Controller */,
				69868AE52224A34600540C32 /* Managers */,
				69868AE62224A35400540C32 /* Helpers */,
				69A81CC72220703100E4F684 /* Resources */,
				69A81CBE2220511300E4F684 /* Info.plist */,
			);
			path = "Proximity Reminders";
			sourceTree = "<group>";
		};
		69A81CC42220701E00E4F684 /* Model */ = {
			isa = PBXGroup;
			children = (
				69A81CD42220786100E4F684 /* Location.swift */,
				69A81CD02220780B00E4F684 /* Reminder.swift */,
				69A81CCC2220764500E4F684 /* Reminder.xcdatamodeld */,
			);
			path = Model;
			sourceTree = "<group>";
		};
		69A81CC52220702400E4F684 /* View */ = {
			isa = PBXGroup;
			children = (
				696EFD482220CD07008DC159 /* BasicDetailCell.swift */,
				69868AE322248AF100540C32 /* ReminderCell.swift */,
			);
			path = View;
			sourceTree = "<group>";
		};
		69A81CC62220702800E4F684 /* Controller */ = {
			isa = PBXGroup;
			children = (
				69A81CC82220707100E4F684 /* ReminderListController.swift */,
				69A81CCA2220707E00E4F684 /* ReminderDetailController.swift */,
				696EFD472220CCB3008DC159 /* Location Selection */,
				696EFD4E22218B2C008DC159 /* PermissionsController.swift */,
			);
			path = Controller;
			sourceTree = "<group>";
		};
		69A81CC72220703100E4F684 /* Resources */ = {
			isa = PBXGroup;
			children = (
				69A81CB92220511300E4F684 /* Assets.xcassets */,
				69A81CB62220510D00E4F684 /* Main.storyboard */,
				69A81CBB2220511300E4F684 /* LaunchScreen.storyboard */,
			);
			path = Resources;
			sourceTree = "<group>";
		};
/* End PBXGroup section */

/* Begin PBXNativeTarget section */
		69A81CAE2220510D00E4F684 /* Proximity Reminders */ = {
			isa = PBXNativeTarget;
			buildConfigurationList = 69A81CC12220511300E4F684 /* Build configuration list for PBXNativeTarget "Proximity Reminders" */;
			buildPhases = (
				69A81CAB2220510D00E4F684 /* Sources */,
				69A81CAC2220510D00E4F684 /* Frameworks */,
				69A81CAD2220510D00E4F684 /* Resources */,
			);
			buildRules = (
			);
			dependencies = (
			);
			name = "Proximity Reminders";
			productName = "Proximity Reminders";
			productReference = 69A81CAF2220510D00E4F684 /* Proximity Reminders.app */;
			productType = "com.apple.product-type.application";
		};
/* End PBXNativeTarget section */

/* Begin PBXProject section */
		69A81CA72220510D00E4F684 /* Project object */ = {
			isa = PBXProject;
			attributes = {
				LastSwiftUpdateCheck = 1010;
				LastUpgradeCheck = 1010;
				ORGANIZATIONNAME = "Stephen McMillan";
				TargetAttributes = {
					69A81CAE2220510D00E4F684 = {
						CreatedOnToolsVersion = 10.1;
						LastSwiftMigration = 1020;
					};
				};
			};
			buildConfigurationList = 69A81CAA2220510D00E4F684 /* Build configuration list for PBXProject "Proximity Reminders" */;
			compatibilityVersion = "Xcode 9.3";
			developmentRegion = en;
			hasScannedForEncodings = 0;
			knownRegions = (
				en,
				Base,
			);
			mainGroup = 69A81CA62220510D00E4F684;
			productRefGroup = 69A81CB02220510D00E4F684 /* Products */;
			projectDirPath = "";
			projectRoot = "";
			targets = (
				69A81CAE2220510D00E4F684 /* Proximity Reminders */,
			);
		};
/* End PBXProject section */

/* Begin PBXResourcesBuildPhase section */
		69A81CAD2220510D00E4F684 /* Resources */ = {
			isa = PBXResourcesBuildPhase;
			buildActionMask = 2147483647;
			files = (
				69A81CBD2220511300E4F684 /* LaunchScreen.storyboard in Resources */,
				69A81CBA2220511300E4F684 /* Assets.xcassets in Resources */,
				69A81CB82220510D00E4F684 /* Main.storyboard in Resources */,
			);
			runOnlyForDeploymentPostprocessing = 0;
		};
/* End PBXResourcesBuildPhase section */

/* Begin PBXSourcesBuildPhase section */
		69A81CAB2220510D00E4F684 /* Sources */ = {
			isa = PBXSourcesBuildPhase;
			buildActionMask = 2147483647;
			files = (
				69868AE422248AF100540C32 /* ReminderCell.swift in Sources */,
				69A81CD62220786100E4F684 /* Location.swift in Sources */,
				69A81CB32220510D00E4F684 /* AppDelegate.swift in Sources */,
				696EFD4F22218B2C008DC159 /* PermissionsController.swift in Sources */,
				69A81CCB2220707F00E4F684 /* ReminderDetailController.swift in Sources */,
				69A81CC92220707100E4F684 /* ReminderListController.swift in Sources */,
				69A81CE22220A6B000E4F684 /* LocationSuggestionsController.swift in Sources */,
				69A81CDC2220819600E4F684 /* ProximityReminderError.swift in Sources */,
				69A81CDA222080EA00E4F684 /* AlertHelper.swift in Sources */,
				69A81CE02220A64F00E4F684 /* LocationSearchController.swift in Sources */,
				696EFD512224195A008DC159 /* UserNotificationScheduler.swift in Sources */,
				69A81CCE2220764500E4F684 /* Reminder.xcdatamodeld in Sources */,
				696EFD492220CD07008DC159 /* BasicDetailCell.swift in Sources */,
				696EFD4D22217F55008DC159 /* LocationManager.swift in Sources */,
				69A81CD82220797100E4F684 /* CoreDataManager.swift in Sources */,
				696EFD4B22217220008DC159 /* ProximityMap.swift in Sources */,
				69A81CD22220780B00E4F684 /* Reminder.swift in Sources */,
			);
			runOnlyForDeploymentPostprocessing = 0;
		};
/* End PBXSourcesBuildPhase section */

/* Begin PBXVariantGroup section */
		69A81CB62220510D00E4F684 /* Main.storyboard */ = {
			isa = PBXVariantGroup;
			children = (
				69A81CB72220510D00E4F684 /* Base */,
			);
			name = Main.storyboard;
			sourceTree = "<group>";
		};
		69A81CBB2220511300E4F684 /* LaunchScreen.storyboard */ = {
			isa = PBXVariantGroup;
			children = (
				69A81CBC2220511300E4F684 /* Base */,
			);
			name = LaunchScreen.storyboard;
			sourceTree = "<group>";
		};
/* End PBXVariantGroup section */

/* Begin XCBuildConfiguration section */
		69A81CBF2220511300E4F684 /* Debug */ = {
			isa = XCBuildConfiguration;
			buildSettings = {
				ALWAYS_SEARCH_USER_PATHS = NO;
				CLANG_ANALYZER_NONNULL = YES;
				CLANG_ANALYZER_NUMBER_OBJECT_CONVERSION = YES_AGGRESSIVE;
				CLANG_CXX_LANGUAGE_STANDARD = "gnu++14";
				CLANG_CXX_LIBRARY = "libc++";
				CLANG_ENABLE_MODULES = YES;
				CLANG_ENABLE_OBJC_ARC = YES;
				CLANG_ENABLE_OBJC_WEAK = YES;
				CLANG_WARN_BLOCK_CAPTURE_AUTORELEASING = YES;
				CLANG_WARN_BOOL_CONVERSION = YES;
				CLANG_WARN_COMMA = YES;
				CLANG_WARN_CONSTANT_CONVERSION = YES;
				CLANG_WARN_DEPRECATED_OBJC_IMPLEMENTATIONS = YES;
				CLANG_WARN_DIRECT_OBJC_ISA_USAGE = YES_ERROR;
				CLANG_WARN_DOCUMENTATION_COMMENTS = YES;
				CLANG_WARN_EMPTY_BODY = YES;
				CLANG_WARN_ENUM_CONVERSION = YES;
				CLANG_WARN_INFINITE_RECURSION = YES;
				CLANG_WARN_INT_CONVERSION = YES;
				CLANG_WARN_NON_LITERAL_NULL_CONVERSION = YES;
				CLANG_WARN_OBJC_IMPLICIT_RETAIN_SELF = YES;
				CLANG_WARN_OBJC_LITERAL_CONVERSION = YES;
				CLANG_WARN_OBJC_ROOT_CLASS = YES_ERROR;
				CLANG_WARN_RANGE_LOOP_ANALYSIS = YES;
				CLANG_WARN_STRICT_PROTOTYPES = YES;
				CLANG_WARN_SUSPICIOUS_MOVE = YES;
				CLANG_WARN_UNGUARDED_AVAILABILITY = YES_AGGRESSIVE;
				CLANG_WARN_UNREACHABLE_CODE = YES;
				CLANG_WARN__DUPLICATE_METHOD_MATCH = YES;
				CODE_SIGN_IDENTITY = "iPhone Developer";
				COPY_PHASE_STRIP = NO;
				DEBUG_INFORMATION_FORMAT = dwarf;
				ENABLE_STRICT_OBJC_MSGSEND = YES;
				ENABLE_TESTABILITY = YES;
				GCC_C_LANGUAGE_STANDARD = gnu11;
				GCC_DYNAMIC_NO_PIC = NO;
				GCC_NO_COMMON_BLOCKS = YES;
				GCC_OPTIMIZATION_LEVEL = 0;
				GCC_PREPROCESSOR_DEFINITIONS = (
					"DEBUG=1",
					"$(inherited)",
				);
				GCC_WARN_64_TO_32_BIT_CONVERSION = YES;
				GCC_WARN_ABOUT_RETURN_TYPE = YES_ERROR;
				GCC_WARN_UNDECLARED_SELECTOR = YES;
				GCC_WARN_UNINITIALIZED_AUTOS = YES_AGGRESSIVE;
				GCC_WARN_UNUSED_FUNCTION = YES;
				GCC_WARN_UNUSED_VARIABLE = YES;
				IPHONEOS_DEPLOYMENT_TARGET = 12.1;
				MTL_ENABLE_DEBUG_INFO = INCLUDE_SOURCE;
				MTL_FAST_MATH = YES;
				ONLY_ACTIVE_ARCH = YES;
				SDKROOT = iphoneos;
				SWIFT_ACTIVE_COMPILATION_CONDITIONS = DEBUG;
				SWIFT_OPTIMIZATION_LEVEL = "-Onone";
			};
			name = Debug;
		};
		69A81CC02220511300E4F684 /* Release */ = {
			isa = XCBuildConfiguration;
			buildSettings = {
				ALWAYS_SEARCH_USER_PATHS = NO;
				CLANG_ANALYZER_NONNULL = YES;
				CLANG_ANALYZER_NUMBER_OBJECT_CONVERSION = YES_AGGRESSIVE;
				CLANG_CXX_LANGUAGE_STANDARD = "gnu++14";
				CLANG_CXX_LIBRARY = "libc++";
				CLANG_ENABLE_MODULES = YES;
				CLANG_ENABLE_OBJC_ARC = YES;
				CLANG_ENABLE_OBJC_WEAK = YES;
				CLANG_WARN_BLOCK_CAPTURE_AUTORELEASING = YES;
				CLANG_WARN_BOOL_CONVERSION = YES;
				CLANG_WARN_COMMA = YES;
				CLANG_WARN_CONSTANT_CONVERSION = YES;
				CLANG_WARN_DEPRECATED_OBJC_IMPLEMENTATIONS = YES;
				CLANG_WARN_DIRECT_OBJC_ISA_USAGE = YES_ERROR;
				CLANG_WARN_DOCUMENTATION_COMMENTS = YES;
				CLANG_WARN_EMPTY_BODY = YES;
				CLANG_WARN_ENUM_CONVERSION = YES;
				CLANG_WARN_INFINITE_RECURSION = YES;
				CLANG_WARN_INT_CONVERSION = YES;
				CLANG_WARN_NON_LITERAL_NULL_CONVERSION = YES;
				CLANG_WARN_OBJC_IMPLICIT_RETAIN_SELF = YES;
				CLANG_WARN_OBJC_LITERAL_CONVERSION = YES;
				CLANG_WARN_OBJC_ROOT_CLASS = YES_ERROR;
				CLANG_WARN_RANGE_LOOP_ANALYSIS = YES;
				CLANG_WARN_STRICT_PROTOTYPES = YES;
				CLANG_WARN_SUSPICIOUS_MOVE = YES;
				CLANG_WARN_UNGUARDED_AVAILABILITY = YES_AGGRESSIVE;
				CLANG_WARN_UNREACHABLE_CODE = YES;
				CLANG_WARN__DUPLICATE_METHOD_MATCH = YES;
				CODE_SIGN_IDENTITY = "iPhone Developer";
				COPY_PHASE_STRIP = NO;
				DEBUG_INFORMATION_FORMAT = "dwarf-with-dsym";
				ENABLE_NS_ASSERTIONS = NO;
				ENABLE_STRICT_OBJC_MSGSEND = YES;
				GCC_C_LANGUAGE_STANDARD = gnu11;
				GCC_NO_COMMON_BLOCKS = YES;
				GCC_WARN_64_TO_32_BIT_CONVERSION = YES;
				GCC_WARN_ABOUT_RETURN_TYPE = YES_ERROR;
				GCC_WARN_UNDECLARED_SELECTOR = YES;
				GCC_WARN_UNINITIALIZED_AUTOS = YES_AGGRESSIVE;
				GCC_WARN_UNUSED_FUNCTION = YES;
				GCC_WARN_UNUSED_VARIABLE = YES;
				IPHONEOS_DEPLOYMENT_TARGET = 12.1;
				MTL_ENABLE_DEBUG_INFO = NO;
				MTL_FAST_MATH = YES;
				SDKROOT = iphoneos;
				SWIFT_COMPILATION_MODE = wholemodule;
				SWIFT_OPTIMIZATION_LEVEL = "-O";
				VALIDATE_PRODUCT = YES;
			};
			name = Release;
		};
		69A81CC22220511300E4F684 /* Debug */ = {
			isa = XCBuildConfiguration;
			buildSettings = {
				ASSETCATALOG_COMPILER_APPICON_NAME = AppIcon;
				CODE_SIGN_STYLE = Automatic;
				DEVELOPMENT_TEAM = LM8XNFK349;
				INFOPLIST_FILE = "Proximity Reminders/Info.plist";
				IPHONEOS_DEPLOYMENT_TARGET = 12.0;
				LD_RUNPATH_SEARCH_PATHS = (
					"$(inherited)",
					"@executable_path/Frameworks",
				);
				PRODUCT_BUNDLE_IDENTIFIER = "com.StephenMcMillan.Proximity-Reminders";
				PRODUCT_NAME = "$(TARGET_NAME)";
				SWIFT_VERSION = 4.2;
				TARGETED_DEVICE_FAMILY = 1;
			};
			name = Debug;
		};
		69A81CC32220511300E4F684 /* Release */ = {
			isa = XCBuildConfiguration;
			buildSettings = {
				ASSETCATALOG_COMPILER_APPICON_NAME = AppIcon;
				CODE_SIGN_STYLE = Automatic;
				DEVELOPMENT_TEAM = LM8XNFK349;
				INFOPLIST_FILE = "Proximity Reminders/Info.plist";
				IPHONEOS_DEPLOYMENT_TARGET = 12.0;
				LD_RUNPATH_SEARCH_PATHS = (
					"$(inherited)",
					"@executable_path/Frameworks",
				);
				PRODUCT_BUNDLE_IDENTIFIER = "com.StephenMcMillan.Proximity-Reminders";
				PRODUCT_NAME = "$(TARGET_NAME)";
				SWIFT_VERSION = 4.2;
				TARGETED_DEVICE_FAMILY = 1;
			};
			name = Release;
		};
/* End XCBuildConfiguration section */

/* Begin XCConfigurationList section */
		69A81CAA2220510D00E4F684 /* Build configuration list for PBXProject "Proximity Reminders" */ = {
			isa = XCConfigurationList;
			buildConfigurations = (
				69A81CBF2220511300E4F684 /* Debug */,
				69A81CC02220511300E4F684 /* Release */,
			);
			defaultConfigurationIsVisible = 0;
			defaultConfigurationName = Release;
		};
		69A81CC12220511300E4F684 /* Build configuration list for PBXNativeTarget "Proximity Reminders" */ = {
			isa = XCConfigurationList;
			buildConfigurations = (
				69A81CC22220511300E4F684 /* Debug */,
				69A81CC32220511300E4F684 /* Release */,
			);
			defaultConfigurationIsVisible = 0;
			defaultConfigurationName = Release;
		};
/* End XCConfigurationList section */

/* Begin XCVersionGroup section */
		69A81CCC2220764500E4F684 /* Reminder.xcdatamodeld */ = {
			isa = XCVersionGroup;
			children = (
				69A81CCD2220764500E4F684 /* Reminder.xcdatamodel */,
			);
			currentVersion = 69A81CCD2220764500E4F684 /* Reminder.xcdatamodel */;
			path = Reminder.xcdatamodeld;
			sourceTree = "<group>";
			versionGroupType = wrapper.xcdatamodel;
		};
/* End XCVersionGroup section */
	};
	rootObject = 69A81CA72220510D00E4F684 /* Project object */;
}
